<?xml version="1.0" encoding="utf-8"?>
<Project ToolsVersion="4.0" xmlns="http://schemas.microsoft.com/developer/msbuild/2003">
  <ItemGroup>
    <Filter Include="Source Files">
      <UniqueIdentifier>{4FC737F1-C7A5-4376-A066-2A32D752A2FF}</UniqueIdentifier>
      <Extensions>cpp;c;cc;cxx;def;odl;idl;hpj;bat;asm;asmx</Extensions>
    </Filter>
    <Filter Include="Header Files">
      <UniqueIdentifier>{93995380-89BD-4b04-88EB-625FBE52EBFB}</UniqueIdentifier>
      <Extensions>h;hh;hpp;hxx;hm;inl;inc;xsd</Extensions>
    </Filter>
    <Filter Include="Resource Files">
      <UniqueIdentifier>{67DA6AB6-F800-4c08-8B7A-83BB121AAD01}</UniqueIdentifier>
      <Extensions>rc;ico;cur;bmp;dlg;rc2;rct;bin;rgs;gif;jpg;jpeg;jpe;resx;tiff;tif;png;wav;mfcribbon-ms</Extensions>
    </Filter>
    <Filter Include="Header Files\Engine">
      <UniqueIdentifier>{0eec6de6-38a0-436a-989a-1dba78ddc5b5}</UniqueIdentifier>
    </Filter>
    <Filter Include="Source Files\Engine">
      <UniqueIdentifier>{7a36d4f0-711c-45c2-a3db-a10fcbf6c3ef}</UniqueIdentifier>
    </Filter>
    <Filter Include="Source Files\Game States">
      <UniqueIdentifier>{a71b2f44-bf5f-4ea6-a51f-f0c10f34c7ab}</UniqueIdentifier>
    </Filter>
    <Filter Include="Source Files\Engine\Resource Managers">
      <UniqueIdentifier>{7b860ff3-f566-41ae-a1e9-0f76c12a1c13}</UniqueIdentifier>
    </Filter>
    <Filter Include="Header Files\Engine\Resource Managers">
      <UniqueIdentifier>{78e916e5-9b71-4b71-9d4c-e34d0ee8dfec}</UniqueIdentifier>
    </Filter>
    <Filter Include="Header Files\Game States">
      <UniqueIdentifier>{271e5d0c-b591-4baf-b538-e24513b77b99}</UniqueIdentifier>
    </Filter>
    <Filter Include="Header Files\UI">
      <UniqueIdentifier>{77e105bd-153d-4324-b1bb-b948d8f6d4db}</UniqueIdentifier>
    </Filter>
    <Filter Include="Header Files\System">
      <UniqueIdentifier>{2450b301-2b31-48e3-87a3-aa9ad6a53be5}</UniqueIdentifier>
    </Filter>
    <Filter Include="Source Files\System">
      <UniqueIdentifier>{df67641e-fa22-4ade-ac5c-06e0356df000}</UniqueIdentifier>
    </Filter>
    <Filter Include="Header Files\Game Headers">
      <UniqueIdentifier>{36c1c52d-676e-43d6-aca8-e9569e44cc9d}</UniqueIdentifier>
    </Filter>
    <Filter Include="Source Files\Game Files">
      <UniqueIdentifier>{514a2714-17c0-4ebe-8b35-15a2e2999c88}</UniqueIdentifier>
    </Filter>
  </ItemGroup>
  <ItemGroup>
    <ClInclude Include="MOO Engine.h">
      <Filter>Header Files\Engine</Filter>
    </ClInclude>
    <ClInclude Include="Image Manager.h">
      <Filter>Header Files\Engine\Resource Managers</Filter>
    </ClInclude>
    <ClInclude Include="Music Manager.h">
      <Filter>Header Files\Engine\Resource Managers</Filter>
    </ClInclude>
    <ClInclude Include="Sound Manager.h">
      <Filter>Header Files\Engine\Resource Managers</Filter>
    </ClInclude>
    <ClInclude Include="Intro State.h">
      <Filter>Header Files\Game States</Filter>
    </ClInclude>
    <ClInclude Include="Main Game State Compilation.h">
      <Filter>Header Files\Game States</Filter>
    </ClInclude>
    <ClInclude Include="Main Game State.h">
      <Filter>Header Files\Game States</Filter>
    </ClInclude>
    <ClInclude Include="Main Game States Enum.h">
      <Filter>Header Files\Game States</Filter>
    </ClInclude>
    <ClInclude Include="Main Title State.h">
      <Filter>Header Files\Game States</Filter>
    </ClInclude>
    <ClInclude Include="Title State.h">
      <Filter>Header Files\Game States</Filter>
    </ClInclude>
    <ClInclude Include="Title States Compilation.h">
      <Filter>Header Files\Game States</Filter>
    </ClInclude>
    <ClInclude Include="Title States Enum.h">
      <Filter>Header Files\Game States</Filter>
    </ClInclude>
    <ClInclude Include="Game State Base.h">
      <Filter>Header Files\Game States</Filter>
    </ClInclude>
    <ClInclude Include="Major Game State Enum.h">
      <Filter>Header Files\Game States</Filter>
    </ClInclude>
    <ClInclude Include="UI.h">
      <Filter>Header Files\UI</Filter>
    </ClInclude>
    <ClInclude Include="Button Component.h">
      <Filter>Header Files\UI</Filter>
    </ClInclude>
    <ClInclude Include="Button State Enum.h">
      <Filter>Header Files\UI</Filter>
    </ClInclude>
    <ClInclude Include="Simple Button.h">
      <Filter>Header Files\UI</Filter>
    </ClInclude>
    <ClInclude Include="Slider Interface.h">
      <Filter>Header Files\UI</Filter>
    </ClInclude>
    <ClInclude Include="System Settings.h">
      <Filter>Header Files\System</Filter>
    </ClInclude>
    <ClInclude Include="Event Button Interface.h">
      <Filter>Header Files\UI</Filter>
    </ClInclude>
    <ClInclude Include="Radio Event Button Array.h">
      <Filter>Header Files\UI</Filter>
    </ClInclude>
    <ClInclude Include="Game Data.h">
      <Filter>Header Files\Game Headers</Filter>
    </ClInclude>
    <ClInclude Include="Game Event System.h">
      <Filter>Header Files\Game Headers</Filter>
    </ClInclude>
    <ClInclude Include="Global Constants.h">
      <Filter>Header Files\Engine</Filter>
    </ClInclude>
    <ClInclude Include="Global Functions.h">
      <Filter>Header Files\Engine</Filter>
    </ClInclude>
    <ClInclude Include="Galaxy View State.h">
      <Filter>Header Files\Game States</Filter>
    </ClInclude>
    <ClInclude Include="System View State.h">
      <Filter>Header Files\Game States</Filter>
    </ClInclude>
    <ClInclude Include="Galaxy Creator.h">
      <Filter>Header Files\Game Headers</Filter>
    </ClInclude>
    <ClInclude Include="Galaxy Data.h">
      <Filter>Header Files\Game Headers</Filter>
    </ClInclude>
    <ClInclude Include="Star Data.h">
      <Filter>Header Files\Game Headers</Filter>
    </ClInclude>
    <ClInclude Include="New Game Settings Data.h">
      <Filter>Header Files\Game Headers</Filter>
    </ClInclude>
    <ClInclude Include="New Game Setup State.h">
      <Filter>Header Files\Game States</Filter>
    </ClInclude>
    <ClInclude Include="New Game Setup State Enum.h">
      <Filter>Header Files\Game States</Filter>
    </ClInclude>
    <ClInclude Include="Planet Data.h">
      <Filter>Header Files\Game Headers</Filter>
    </ClInclude>
    <ClInclude Include="Galaxy View State Events.h">
      <Filter>Header Files\Game States</Filter>
    </ClInclude>
    <ClInclude Include="Main Game Events Enum.h">
      <Filter>Header Files\Game Headers</Filter>
    </ClInclude>
  </ItemGroup>
  <ItemGroup>
    <ClCompile Include="MOO Engine.cpp">
      <Filter>Source Files\Engine</Filter>
    </ClCompile>
    <ClCompile Include="Sound Manager.cpp">
      <Filter>Source Files\Engine\Resource Managers</Filter>
    </ClCompile>
    <ClCompile Include="Music Manager.cpp">
      <Filter>Source Files\Engine\Resource Managers</Filter>
    </ClCompile>
    <ClCompile Include="Image Manager.cpp">
      <Filter>Source Files\Engine\Resource Managers</Filter>
    </ClCompile>
    <ClCompile Include="Intro State.cpp">
      <Filter>Source Files\Game States</Filter>
    </ClCompile>
    <ClCompile Include="Main Game State.cpp">
      <Filter>Source Files\Game States</Filter>
    </ClCompile>
    <ClCompile Include="Main Title State.cpp">
      <Filter>Source Files\Game States</Filter>
    </ClCompile>
    <ClCompile Include="main.cpp">
      <Filter>Source Files</Filter>
    </ClCompile>
    <ClCompile Include="System Settings.cpp">
      <Filter>Source Files\System</Filter>
    </ClCompile>
    <ClCompile Include="Title State.cpp">
      <Filter>Source Files\Game States</Filter>
    </ClCompile>
    <ClCompile Include="System View State.cpp">
      <Filter>Source Files\Game States</Filter>
    </ClCompile>
    <ClCompile Include="Galaxy View State.cpp">
      <Filter>Source Files\Game States</Filter>
    </ClCompile>
    <ClCompile Include="New Game Setup State.cpp">
      <Filter>Source Files\Game States</Filter>
    </ClCompile>
  </ItemGroup>
</Project>