<?xml version="1.0" encoding="utf-8"?>
<Project ToolsVersion="4.0" xmlns="http://schemas.microsoft.com/developer/msbuild/2003">
  <ItemGroup>
    <Filter Include="Engine">
      <UniqueIdentifier>{29be03fd-24aa-441a-a405-9d52f4bd802f}</UniqueIdentifier>
    </Filter>
    <Filter Include="Game">
      <UniqueIdentifier>{26768cc6-21ee-4d2c-8d21-9e4c7f5a4ccc}</UniqueIdentifier>
    </Filter>
    <Filter Include="Game\States">
      <UniqueIdentifier>{489c0b4f-b520-4458-beae-763600b83cc2}</UniqueIdentifier>
    </Filter>
    <Filter Include="Game\States\Intro State">
      <UniqueIdentifier>{725dd817-fd3e-425f-a081-2937746afae3}</UniqueIdentifier>
    </Filter>
    <Filter Include="Game\States\Title State">
      <UniqueIdentifier>{0ee26330-096f-403b-94ca-97f46fa087e7}</UniqueIdentifier>
    </Filter>
    <Filter Include="Engine\Resource Managers">
      <UniqueIdentifier>{fe2b5703-2976-4f25-9c27-87dad06f1916}</UniqueIdentifier>
    </Filter>
    <Filter Include="Engine\Resource Managers\Visual">
      <UniqueIdentifier>{078c7205-bfed-4230-9be0-8b353b1108fc}</UniqueIdentifier>
    </Filter>
    <Filter Include="Engine\Resource Managers\Audio">
      <UniqueIdentifier>{75c3532d-62fe-4c83-82be-8f35d23416bb}</UniqueIdentifier>
    </Filter>
    <Filter Include="Game\States\Title State\Main Title State">
      <UniqueIdentifier>{61476afb-62ee-4c2b-9306-68780c73e74d}</UniqueIdentifier>
    </Filter>
    <Filter Include="Game\States\Title State\Load Game State">
      <UniqueIdentifier>{03a1dc6c-3ad2-4c22-8c17-dbc3dab90933}</UniqueIdentifier>
    </Filter>
    <Filter Include="Game\States\Title State\Settings State">
      <UniqueIdentifier>{5335315b-42d7-4ea8-b236-c3aead40c686}</UniqueIdentifier>
    </Filter>
    <Filter Include="Game\States\Title State\Credits State">
      <UniqueIdentifier>{740ef907-921c-45c9-8c09-03fe940fcf29}</UniqueIdentifier>
    </Filter>
    <Filter Include="Engine\Resource Managers\System Settings">
      <UniqueIdentifier>{38b9882f-6128-483a-944c-7f4150f1737a}</UniqueIdentifier>
    </Filter>
    <Filter Include="Game\States\Main Game">
      <UniqueIdentifier>{7b6c569d-8684-41ab-b24e-a3a5db6a3ade}</UniqueIdentifier>
    </Filter>
    <Filter Include="Game\States\Main Game\Game States">
      <UniqueIdentifier>{d895b47b-106d-45d4-a582-9d06497d0ddd}</UniqueIdentifier>
    </Filter>
    <Filter Include="Game\States\Main Game\Game States\Planet Overview State">
      <UniqueIdentifier>{04ce60a7-c991-4d96-80a3-46c4f396956b}</UniqueIdentifier>
    </Filter>
    <Filter Include="Game\States\Main Game\Game States\Galaxy View State">
      <UniqueIdentifier>{c56004a9-38b9-4827-a23b-3e2ae28c87b8}</UniqueIdentifier>
    </Filter>
    <Filter Include="Game\States\Main Game\Game States\Colonies OverView State">
      <UniqueIdentifier>{1a3517b7-5e1e-46fc-b68e-f406200035e5}</UniqueIdentifier>
    </Filter>
    <Filter Include="Game\States\Main Game\Game States\Fleets Overview State">
      <UniqueIdentifier>{2240b2ed-6e7c-4e37-9a7d-562b8b07ae9f}</UniqueIdentifier>
    </Filter>
    <Filter Include="Game\States\Main Game\Game States\Diplomacy State">
      <UniqueIdentifier>{2a9b358b-6740-4b37-91aa-363a7a2859c7}</UniqueIdentifier>
    </Filter>
    <Filter Include="Game\States\Main Game\Game States\Colony View State">
      <UniqueIdentifier>{a2d5f853-aabd-4949-8100-8d52b3da3787}</UniqueIdentifier>
    </Filter>
    <Filter Include="Game\States\Main Game\Game States\Leaders Overview State">
      <UniqueIdentifier>{4b93b3c3-4669-4577-89d5-5361838baf8b}</UniqueIdentifier>
    </Filter>
    <Filter Include="Game\States\Main Game\Game States\Encyclopedia State">
      <UniqueIdentifier>{17802783-b877-454e-a08c-ace3eeaccd69}</UniqueIdentifier>
    </Filter>
    <Filter Include="Game\States\Main Game\Game States\System View State">
      <UniqueIdentifier>{025e4515-54be-46be-bfe7-a0f696ab7d8b}</UniqueIdentifier>
    </Filter>
    <Filter Include="Game\States\Main Game\Game States\Planetary Combat State">
      <UniqueIdentifier>{dffbbeab-9ba4-4e24-abe6-cf456cb8064c}</UniqueIdentifier>
    </Filter>
    <Filter Include="Game\States\Main Game\Game States\Ship Refit State">
      <UniqueIdentifier>{20bff4fb-2b81-4eb5-9e14-f9faed2e6d29}</UniqueIdentifier>
    </Filter>
    <Filter Include="Game\States\Main Game\Game States\Ship Design State">
      <UniqueIdentifier>{11fa6938-319a-4d58-9359-cf08e8b9cac7}</UniqueIdentifier>
    </Filter>
    <Filter Include="Game\States\Main Game\Game States\Colony Build Queue State">
      <UniqueIdentifier>{99788693-b2b1-4f10-882e-6b9aab4a07cc}</UniqueIdentifier>
    </Filter>
    <Filter Include="Game\States\Main Game\Game States\Planetary Bombardment State">
      <UniqueIdentifier>{62788748-ac43-49ce-8612-eb72f30ab0a8}</UniqueIdentifier>
    </Filter>
    <Filter Include="Game\States\Main Game\Game States\Space Combat State">
      <UniqueIdentifier>{d0825914-274b-433e-af10-829a8ed44d00}</UniqueIdentifier>
    </Filter>
    <Filter Include="Game\States\Main Game\Game States\Research State">
      <UniqueIdentifier>{630df2d4-c260-47a4-b866-7c5e3bb415cf}</UniqueIdentifier>
    </Filter>
    <Filter Include="Engine\UI">
      <UniqueIdentifier>{f9b2422a-2963-44df-bf74-40a46db246f9}</UniqueIdentifier>
    </Filter>
    <Filter Include="Engine\UI\Buttons">
      <UniqueIdentifier>{3470a38e-a9e0-4f6d-b72e-c35e94fe3ac5}</UniqueIdentifier>
    </Filter>
    <Filter Include="Engine\Game Event System">
      <UniqueIdentifier>{c6957c93-089d-4ab2-93a0-355c27cb8ef9}</UniqueIdentifier>
    </Filter>
    <Filter Include="Game\States\Main Game\Game Files">
      <UniqueIdentifier>{5b8607ba-f287-4081-a00c-b5ff4ca5d54a}</UniqueIdentifier>
    </Filter>
    <Filter Include="Game\States\Main Game\Game Files\Tech Tree">
      <UniqueIdentifier>{1f3fd6f1-9e42-4e61-b7d4-a2d4e14bd9f4}</UniqueIdentifier>
    </Filter>
    <Filter Include="Game\States\Main Game\Game Files\Ships">
      <UniqueIdentifier>{6ba3274f-8811-47dd-bca7-2a751c3cf8d5}</UniqueIdentifier>
    </Filter>
    <Filter Include="Engine\UI\Sliders">
      <UniqueIdentifier>{8763d120-4d59-4541-a177-5ae3b253ba8d}</UniqueIdentifier>
    </Filter>
    <Filter Include="Game\States\Main Game\Game Files\Game Data">
      <UniqueIdentifier>{cce99212-d0fb-401d-a6e5-02a9159d3717}</UniqueIdentifier>
    </Filter>
    <Filter Include="Game\States\Main Game\Game Files\Ship Gear">
      <UniqueIdentifier>{59d29276-4d38-468f-99fa-a08866aa175f}</UniqueIdentifier>
    </Filter>
    <Filter Include="Game\States\Main Game\Game Files\Armor">
      <UniqueIdentifier>{602db332-0177-492c-9e2e-0d48fd46f0b6}</UniqueIdentifier>
    </Filter>
    <Filter Include="Game\States\Main Game\Game Files\Building Stuff">
      <UniqueIdentifier>{cdb9ec42-697f-4ef1-8fd2-492555ebeca6}</UniqueIdentifier>
    </Filter>
    <Filter Include="Game\States\Main Game\Game States\New Game Setup State">
      <UniqueIdentifier>{a3cdf4e8-ffd5-47ea-b8e0-e27a7b09a2f0}</UniqueIdentifier>
    </Filter>
    <Filter Include="Engine\UI\Radio Button Arrays">
      <UniqueIdentifier>{13b03de6-6a3d-4c2f-bf1d-4e6629faac15}</UniqueIdentifier>
    </Filter>
    <Filter Include="Game\States\Main Game\Game Files\Colony Data">
      <UniqueIdentifier>{145c88b9-ea3f-477e-8ec9-0cf58beb7177}</UniqueIdentifier>
    </Filter>
  </ItemGroup>
  <ItemGroup>
    <ClInclude Include="Intro State.h">
      <Filter>Game\States\Intro State</Filter>
    </ClInclude>
    <ClInclude Include="Game State Base.h">
      <Filter>Game\States</Filter>
    </ClInclude>
    <ClInclude Include="Image Manager.h">
      <Filter>Engine\Resource Managers\Visual</Filter>
    </ClInclude>
    <ClInclude Include="Music Manager.h">
      <Filter>Engine\Resource Managers\Audio</Filter>
    </ClInclude>
    <ClInclude Include="MOO Engine.h">
      <Filter>Engine</Filter>
    </ClInclude>
    <ClInclude Include="Title State.h">
      <Filter>Game\States\Title State</Filter>
    </ClInclude>
    <ClInclude Include="Main Title State.h">
      <Filter>Game\States\Title State\Main Title State</Filter>
    </ClInclude>
    <ClInclude Include="Credits State.h">
      <Filter>Game\States\Title State\Credits State</Filter>
    </ClInclude>
    <ClInclude Include="Major Game State Enum.h">
      <Filter>Game\States</Filter>
    </ClInclude>
    <ClInclude Include="System Settings.h">
      <Filter>Engine\Resource Managers\System Settings</Filter>
    </ClInclude>
    <ClInclude Include="Global Constants.h">
      <Filter>Engine</Filter>
    </ClInclude>
    <ClInclude Include="Title States Enum.h">
      <Filter>Game\States\Title State</Filter>
    </ClInclude>
    <ClInclude Include="Main Game States Enum.h">
      <Filter>Game\States\Main Game</Filter>
    </ClInclude>
    <ClInclude Include="Main Game State.h">
      <Filter>Game\States\Main Game</Filter>
    </ClInclude>
    <ClInclude Include="Main Game State Compilation.h">
      <Filter>Game\States\Main Game</Filter>
    </ClInclude>
    <ClInclude Include="Colony Overview State.h">
      <Filter>Game\States\Main Game\Game States\Colonies OverView State</Filter>
    </ClInclude>
    <ClInclude Include="Colony Build Queue State.h">
      <Filter>Game\States\Main Game\Game States\Colony Build Queue State</Filter>
    </ClInclude>
    <ClInclude Include="Colony View State.h">
      <Filter>Game\States\Main Game\Game States\Colony View State</Filter>
    </ClInclude>
    <ClInclude Include="Diplomacy State.h">
      <Filter>Game\States\Main Game\Game States\Diplomacy State</Filter>
    </ClInclude>
    <ClInclude Include="Encyclopedia State.h">
      <Filter>Game\States\Main Game\Game States\Encyclopedia State</Filter>
    </ClInclude>
    <ClInclude Include="Fleets Overview State.h">
      <Filter>Game\States\Main Game\Game States\Fleets Overview State</Filter>
    </ClInclude>
    <ClInclude Include="Galaxy View State.h">
      <Filter>Game\States\Main Game\Game States\Galaxy View State</Filter>
    </ClInclude>
    <ClInclude Include="Leaders Overview State.h">
      <Filter>Game\States\Main Game\Game States\Leaders Overview State</Filter>
    </ClInclude>
    <ClInclude Include="Planet Overview State.h">
      <Filter>Game\States\Main Game\Game States\Planet Overview State</Filter>
    </ClInclude>
    <ClInclude Include="Planetary Bombardment State.h">
      <Filter>Game\States\Main Game\Game States\Planetary Bombardment State</Filter>
    </ClInclude>
    <ClInclude Include="Planetary Combat State.h">
      <Filter>Game\States\Main Game\Game States\Planetary Combat State</Filter>
    </ClInclude>
    <ClInclude Include="Research State.h">
      <Filter>Game\States\Main Game\Game States\Research State</Filter>
    </ClInclude>
    <ClInclude Include="Ship Design State.h">
      <Filter>Game\States\Main Game\Game States\Ship Design State</Filter>
    </ClInclude>
    <ClInclude Include="Ship Refit State.h">
      <Filter>Game\States\Main Game\Game States\Ship Refit State</Filter>
    </ClInclude>
    <ClInclude Include="Space Combat State.h">
      <Filter>Game\States\Main Game\Game States\Space Combat State</Filter>
    </ClInclude>
    <ClInclude Include="System View State.h">
      <Filter>Game\States\Main Game\Game States\System View State</Filter>
    </ClInclude>
    <ClInclude Include="Sound Manager.h">
      <Filter>Engine\Resource Managers\Audio</Filter>
    </ClInclude>
    <ClInclude Include="Load Game State.h">
      <Filter>Game\States\Title State\Load Game State</Filter>
    </ClInclude>
    <ClInclude Include="Settings State.h">
      <Filter>Game\States\Title State\Settings State</Filter>
    </ClInclude>
    <ClInclude Include="Title States Compilation.h">
      <Filter>Game\States\Title State</Filter>
    </ClInclude>
    <ClInclude Include="UI.h">
      <Filter>Engine\UI</Filter>
    </ClInclude>
    <ClInclude Include="Event Button Interface.h">
      <Filter>Engine\UI\Buttons</Filter>
    </ClInclude>
    <ClInclude Include="Game Event System.h">
      <Filter>Engine\Game Event System</Filter>
    </ClInclude>
    <ClInclude Include="Tech Tree.h">
      <Filter>Game\States\Main Game\Game Files\Tech Tree</Filter>
    </ClInclude>
    <ClInclude Include="Global Functions.h">
      <Filter>Engine</Filter>
    </ClInclude>
    <ClInclude Include="Slider Interface.h">
      <Filter>Engine\UI\Sliders</Filter>
    </ClInclude>
    <ClInclude Include="Simple Button.h">
      <Filter>Engine\UI\Buttons</Filter>
    </ClInclude>
    <ClInclude Include="Button State Enum.h">
      <Filter>Engine\UI\Buttons</Filter>
    </ClInclude>
    <ClInclude Include="Species Traits Specials Enum.h">
      <Filter>Game\States\Main Game\Game Files\Game Data</Filter>
    </ClInclude>
    <ClInclude Include="Civilization Data.h">
      <Filter>Game\States\Main Game\Game Files\Game Data</Filter>
    </ClInclude>
    <ClInclude Include="Galaxy Data.h">
      <Filter>Game\States\Main Game\Game Files\Game Data</Filter>
    </ClInclude>
    <ClInclude Include="Game Data.h">
      <Filter>Game\States\Main Game\Game Files\Game Data</Filter>
    </ClInclude>
    <ClInclude Include="Planet Data.h">
      <Filter>Game\States\Main Game\Game Files\Game Data</Filter>
    </ClInclude>
    <ClInclude Include="Population Data.h">
      <Filter>Game\States\Main Game\Game Files\Game Data</Filter>
    </ClInclude>
    <ClInclude Include="Species Attributes.h">
      <Filter>Game\States\Main Game\Game Files\Game Data</Filter>
    </ClInclude>
    <ClInclude Include="Star Data.h">
      <Filter>Game\States\Main Game\Game Files\Game Data</Filter>
    </ClInclude>
    <ClInclude Include="FleetData.h">
      <Filter>Game\States\Main Game\Game Files\Ships</Filter>
    </ClInclude>
    <ClInclude Include="Ship Data.h">
      <Filter>Game\States\Main Game\Game Files\Ships</Filter>
    </ClInclude>
    <ClInclude Include="Armor Enum.h">
      <Filter>Game\States\Main Game\Game Files\Armor</Filter>
    </ClInclude>
    <ClInclude Include="Ship Missile Weapon.h">
      <Filter>Game\States\Main Game\Game Files\Ship Gear</Filter>
    </ClInclude>
    <ClInclude Include="Ship Beam Weapon.h">
      <Filter>Game\States\Main Game\Game Files\Ship Gear</Filter>
    </ClInclude>
    <ClInclude Include="Ship Weapons.h">
      <Filter>Game\States\Main Game\Game Files\Ship Gear</Filter>
    </ClInclude>
    <ClInclude Include="Ship Bomb Weapon.h">
      <Filter>Game\States\Main Game\Game Files\Ship Gear</Filter>
    </ClInclude>
    <ClInclude Include="Ship Fighter Bay.h">
      <Filter>Game\States\Main Game\Game Files\Ship Gear</Filter>
    </ClInclude>
    <ClInclude Include="BuildingData.h">
      <Filter>Game\States\Main Game\Game Files\Game Data</Filter>
    </ClInclude>
    <ClInclude Include="Ship Blue Print.h">
      <Filter>Game\States\Main Game\Game Files\Ships</Filter>
    </ClInclude>
    <ClInclude Include="Ship Build Data.h">
      <Filter>Game\States\Main Game\Game Files\Ships</Filter>
    </ClInclude>
    <ClInclude Include="Base Construction Object.h">
      <Filter>Game\States\Main Game\Game Files\Building Stuff</Filter>
    </ClInclude>
    <ClInclude Include="Building Database.h">
      <Filter>Game\States\Main Game\Game Files\Game Data</Filter>
    </ClInclude>
    <ClInclude Include="New Game Setup State.h">
      <Filter>Game\States\Main Game\Game States\New Game Setup State</Filter>
    </ClInclude>
    <ClInclude Include="New Game Setup State Enum.h">
      <Filter>Game\States\Main Game\Game States\New Game Setup State</Filter>
    </ClInclude>
    <ClInclude Include="Galaxy Setup State.h">
      <Filter>Game\States\Main Game\Game States\New Game Setup State</Filter>
    </ClInclude>
    <ClInclude Include="New Game Settings Data.h">
      <Filter>Game\States\Main Game\Game States\New Game Setup State</Filter>
    </ClInclude>
    <ClInclude Include="Civilization Setup State.h">
      <Filter>Game\States\Main Game\Game States\New Game Setup State</Filter>
    </ClInclude>
    <ClInclude Include="Radio Event Button Array.h">
      <Filter>Engine\UI\Radio Button Arrays</Filter>
    </ClInclude>
    <ClInclude Include="Civilization Setup States Enum.h">
      <Filter>Game\States\Main Game\Game States\New Game Setup State</Filter>
    </ClInclude>
    <ClInclude Include="Main Game Events Enum.h">
      <Filter>Game\States\Main Game</Filter>
    </ClInclude>
    <ClInclude Include="Galaxy View State Events.h">
      <Filter>Game\States\Main Game\Game States\Galaxy View State</Filter>
    </ClInclude>
    <ClInclude Include="Colony Data.h">
      <Filter>Game\States\Main Game\Game Files\Colony Data</Filter>
    </ClInclude>
    <ClInclude Include="Galaxy Creator.h">
      <Filter>Game\States\Main Game\Game States\New Game Setup State</Filter>
    </ClInclude>
  </ItemGroup>
  <ItemGroup>
    <ClCompile Include="Intro State.cpp">
      <Filter>Game\States\Intro State</Filter>
    </ClCompile>
    <ClCompile Include="main.cpp">
      <Filter>Game</Filter>
    </ClCompile>
    <ClCompile Include="Main Title State.cpp">
      <Filter>Game\States\Title State\Main Title State</Filter>
    </ClCompile>
    <ClCompile Include="Credits State.cpp">
      <Filter>Game\States\Title State\Credits State</Filter>
    </ClCompile>
    <ClCompile Include="MOO Engine.cpp">
      <Filter>Engine</Filter>
    </ClCompile>
    <ClCompile Include="System Settings.cpp">
      <Filter>Engine\Resource Managers\System Settings</Filter>
    </ClCompile>
    <ClCompile Include="Title State.cpp">
      <Filter>Game\States\Title State</Filter>
    </ClCompile>
    <ClCompile Include="Main Game State.cpp">
      <Filter>Game\States\Main Game</Filter>
    </ClCompile>
    <ClCompile Include="Colony Overview State.cpp">
      <Filter>Game\States\Main Game\Game States\Colonies OverView State</Filter>
    </ClCompile>
    <ClCompile Include="Colony Build Queue State.cpp">
      <Filter>Game\States\Main Game\Game States\Colony Build Queue State</Filter>
    </ClCompile>
    <ClCompile Include="Colony View State.cpp">
      <Filter>Game\States\Main Game\Game States\Colony View State</Filter>
    </ClCompile>
    <ClCompile Include="Diplomacy State.cpp">
      <Filter>Game\States\Main Game\Game States\Diplomacy State</Filter>
    </ClCompile>
    <ClCompile Include="Encyclopedia State.cpp">
      <Filter>Game\States\Main Game\Game States\Encyclopedia State</Filter>
    </ClCompile>
    <ClCompile Include="Fleets Overview State.cpp">
      <Filter>Game\States\Main Game\Game States\Fleets Overview State</Filter>
    </ClCompile>
    <ClCompile Include="Galaxy View State.cpp">
      <Filter>Game\States\Main Game\Game States\Galaxy View State</Filter>
    </ClCompile>
    <ClCompile Include="Leaders Overview State.cpp">
      <Filter>Game\States\Main Game\Game States\Leaders Overview State</Filter>
    </ClCompile>
    <ClCompile Include="Planet Overview State.cpp">
      <Filter>Game\States\Main Game\Game States\Planet Overview State</Filter>
    </ClCompile>
    <ClCompile Include="Planetary Bombardment State.cpp">
      <Filter>Game\States\Main Game\Game States\Planetary Bombardment State</Filter>
    </ClCompile>
    <ClCompile Include="Planetary Combat State.cpp">
      <Filter>Game\States\Main Game\Game States\Planetary Combat State</Filter>
    </ClCompile>
    <ClCompile Include="Research State.cpp">
      <Filter>Game\States\Main Game\Game States\Research State</Filter>
    </ClCompile>
    <ClCompile Include="Ship Design State.cpp">
      <Filter>Game\States\Main Game\Game States\Ship Design State</Filter>
    </ClCompile>
    <ClCompile Include="Ship Refit State.cpp">
      <Filter>Game\States\Main Game\Game States\Ship Refit State</Filter>
    </ClCompile>
    <ClCompile Include="Space Combat State.cpp">
      <Filter>Game\States\Main Game\Game States\Space Combat State</Filter>
    </ClCompile>
    <ClCompile Include="System View State.cpp">
      <Filter>Game\States\Main Game\Game States\System View State</Filter>
    </ClCompile>
    <ClCompile Include="Image Manager.cpp">
      <Filter>Engine\Resource Managers\Visual</Filter>
    </ClCompile>
    <ClCompile Include="Sound Manager.cpp">
      <Filter>Engine\Resource Managers\Audio</Filter>
    </ClCompile>
    <ClCompile Include="Music Manager.cpp">
      <Filter>Engine\Resource Managers\Audio</Filter>
    </ClCompile>
    <ClCompile Include="Load Game State.cpp">
      <Filter>Game\States\Title State\Load Game State</Filter>
    </ClCompile>
    <ClCompile Include="Settings State.cpp">
      <Filter>Game\States\Title State\Settings State</Filter>
    </ClCompile>
    <ClCompile Include="Galaxy Setup State.cpp">
      <Filter>Game\States\Main Game\Game States\New Game Setup State</Filter>
    </ClCompile>
    <ClCompile Include="New Game Setup State.cpp">
      <Filter>Game\States\Main Game\Game States\New Game Setup State</Filter>
    </ClCompile>
  </ItemGroup>
</Project>